
Microsoft Visual Studio Solution File, Format Version 12.00
# Visual Studio Version 16
VisualStudioVersion = 16.0.33927.289
MinimumVisualStudioVersion = 10.0.40219.1
Project("{2150E333-8FDC-42A3-9474-1A3956D46DE8}") = "Task0", "Task0", "{81ACD726-4D28-49E0-875F-CAC5E8D50A7E}"
EndProject
Project("{FAE04EC0-301F-11D3-BF4B-00C04F79EFBC}") = "Tyuiu.KalimullinaAH.Sprint2.Task0.V4", "Tyuiu.KalimullinaAH.Sprint2.Task0.V4\Tyuiu.KalimullinaAH.Sprint2.Task0.V4.csproj", "{E998701A-8255-41FA-8598-00EC38C2F2CB}"
EndProject
Project("{FAE04EC0-301F-11D3-BF4B-00C04F79EFBC}") = "Tyuiu.KalimullinaAH.Sprint2.Task0.V4.Lib", "Tyuiu.KalimullinaAH.Sprint2.Task0.V4.Lib\Tyuiu.KalimullinaAH.Sprint2.Task0.V4.Lib.csproj", "{68B68E6A-AC9B-48D7-A5B3-9C395F0BBE6D}"
EndProject
Project("{FAE04EC0-301F-11D3-BF4B-00C04F79EFBC}") = "Tyuiu.KalimullinaAH.Sprint2.Task0.V4.Test", "Tyuiu.KalimullinaAH.Sprint2.Task0.V4.Test\Tyuiu.KalimullinaAH.Sprint2.Task0.V4.Test.csproj", "{1825C325-0866-40BF-9C3F-A81027451F06}"
EndProject
Project("{2150E333-8FDC-42A3-9474-1A3956D46DE8}") = "Task1", "Task1", "{9C1A2C81-E300-4F1A-AB78-0EB66EBF88D1}"
EndProject
Project("{FAE04EC0-301F-11D3-BF4B-00C04F79EFBC}") = "Tyuiu.KalimullinaAH.Sprint2.Task1.V12", "Tyuiu.KalimullinaAH.Sprint2.Task1.V12\Tyuiu.KalimullinaAH.Sprint2.Task1.V12.csproj", "{7B8399FD-66C1-4188-906F-CC40BC17FFFF}"
EndProject
Project("{FAE04EC0-301F-11D3-BF4B-00C04F79EFBC}") = "Tyuiu.KalimullinaAH.Sprint2.Task1.V12.Test", "Tyuiu.KalimullinaAH.Sprint2.Task1.V12.Test\Tyuiu.KalimullinaAH.Sprint2.Task1.V12.Test.csproj", "{62822A1B-9469-44CF-9452-572B2FC50B9C}"
EndProject
Project("{FAE04EC0-301F-11D3-BF4B-00C04F79EFBC}") = "Tyuiu.KalimullinaAH.Sprint2.Task1.V12.Lib", "Tyuiu.KalimullinaAH.Sprint2.Task1.V12.Lib\Tyuiu.KalimullinaAH.Sprint2.Task1.V12.Lib.csproj", "{CC930130-7CD2-4923-8D7D-B2651B683C6C}"
EndProject
Project("{2150E333-8FDC-42A3-9474-1A3956D46DE8}") = "Task2", "Task2", "{8F8CC87A-2ED8-4C60-974F-B0745F5C7BCE}"
EndProject
Project("{FAE04EC0-301F-11D3-BF4B-00C04F79EFBC}") = "Tyuiu.KalimullinaAH.Sprint2.Task2.V16", "Tyuiu.KalimullinaAH.Sprint2.Task2.V16\Tyuiu.KalimullinaAH.Sprint2.Task2.V16.csproj", "{C019C690-8798-4A39-8952-8887C0EB0666}"
EndProject
Project("{FAE04EC0-301F-11D3-BF4B-00C04F79EFBC}") = "Tyuiu.KalimullinaAH.Sprint2.Task2.V16.Lib", "Tyuiu.KalimullinaAH.Sprint2.Task2.V16.Lib\Tyuiu.KalimullinaAH.Sprint2.Task2.V16.Lib.csproj", "{249F6485-881D-45FA-A337-7ADBB3427C2E}"
EndProject
Project("{FAE04EC0-301F-11D3-BF4B-00C04F79EFBC}") = "Tyuiu.KalimullinaAH.Sprint2.Task2.V16.Test", "Tyuiu.KalimullinaAH.Sprint2.Task2.V16.Test\Tyuiu.KalimullinaAH.Sprint2.Task2.V16.Test.csproj", "{D7307F3B-BF36-49E5-9B58-7ED7F63D6A90}"
EndProject
Project("{2150E333-8FDC-42A3-9474-1A3956D46DE8}") = "Task3", "Task3", "{E948EC38-7D05-4577-8526-562D7A00517A}"
EndProject
Project("{FAE04EC0-301F-11D3-BF4B-00C04F79EFBC}") = "Tyuiu.KalimullinaAH.Sprint2.Task3.V29", "Tyuiu.KalimullinaAH.Sprint2.Task3.V29\Tyuiu.KalimullinaAH.Sprint2.Task3.V29.csproj", "{9BC12ED1-B1F1-454E-9A59-F2C07846C2C6}"
EndProject
Project("{FAE04EC0-301F-11D3-BF4B-00C04F79EFBC}") = "Tyuiu.KalimullinaAH.Sprint2.Task3.V29.Test", "Tyuiu.KalimullinaAH.Sprint2.Task3.V29.Test\Tyuiu.KalimullinaAH.Sprint2.Task3.V29.Test.csproj", "{068A9B69-CB3C-46BA-B04B-D24CCF19608C}"
EndProject
Project("{FAE04EC0-301F-11D3-BF4B-00C04F79EFBC}") = "Tyuiu.KalimullinaAH.Sprint2.Task3.V29.Lib", "Tyuiu.KalimullinaAH.Sprint2.Task3.V29.Lib\Tyuiu.KalimullinaAH.Sprint2.Task3.V29.Lib.csproj", "{A9B857D0-3C23-44FF-8232-3AA1EC671BA1}"
EndProject
Project("{2150E333-8FDC-42A3-9474-1A3956D46DE8}") = "Task4", "Task4", "{DEDAAF66-ED10-41CA-A916-09C961C04829}"
EndProject
Project("{FAE04EC0-301F-11D3-BF4B-00C04F79EFBC}") = "Tyuiu.KalimullinaAH.Sprint2.Task4.V11", "Tyuiu.KalimullinaAH.Sprint2.Task4.V11\Tyuiu.KalimullinaAH.Sprint2.Task4.V11.csproj", "{AE0757CD-97BD-4465-B055-7B36D3F6A938}"
EndProject
Project("{FAE04EC0-301F-11D3-BF4B-00C04F79EFBC}") = "Tyuiu.KalimullinaAH.Sprint2.Task4.V11.Lib", "Tyuiu.KalimullinaAH.Sprint2.Task4.V11.Lib\Tyuiu.KalimullinaAH.Sprint2.Task4.V11.Lib.csproj", "{59DC47B6-D19B-40DD-BEA2-E976B9228CD1}"
EndProject
Project("{FAE04EC0-301F-11D3-BF4B-00C04F79EFBC}") = "Tyuiu.KalimullinaAH.Sprint2.Task4.V11.Test", "Tyuiu.KalimullinaAH.Sprint2.Task4.V11.Test\Tyuiu.KalimullinaAH.Sprint2.Task4.V11.Test.csproj", "{FE5F317C-39EF-4C2A-8F54-E312EFE880A6}"
EndProject
Project("{2150E333-8FDC-42A3-9474-1A3956D46DE8}") = "Task5", "Task5", "{67FAD074-667E-43E6-9464-CE2EBED084F8}"
EndProject
Project("{FAE04EC0-301F-11D3-BF4B-00C04F79EFBC}") = "Tyuiu.KalimullinaAH.Sprint2.Task5.V6", "Tyuiu.KalimullinaAH.Sprint2.Task5.V6\Tyuiu.KalimullinaAH.Sprint2.Task5.V6.csproj", "{03814F24-1521-4224-9803-41EFD5E3FAA5}"
EndProject
Project("{FAE04EC0-301F-11D3-BF4B-00C04F79EFBC}") = "Tyuiu.KalimullinaAH.Sprint2.Task5.V6.Test", "Tyuiu.KalimullinaAH.Sprint2.Task5.V6.Test\Tyuiu.KalimullinaAH.Sprint2.Task5.V6.Test.csproj", "{BD2193D1-D6DB-494B-806F-145FE4B58E79}"
EndProject
Project("{FAE04EC0-301F-11D3-BF4B-00C04F79EFBC}") = "Tyuiu.KalimullinaAH.Sprint2.Task5.V6.Lib", "Tyuiu.KalimullinaAH.Sprint2.Task5.V6.Lib\Tyuiu.KalimullinaAH.Sprint2.Task5.V6.Lib.csproj", "{E7D57838-248F-4A92-8B40-A1FE5850DBDA}"
EndProject
Global
	GlobalSection(SolutionConfigurationPlatforms) = preSolution
		Debug|Any CPU = Debug|Any CPU
		Release|Any CPU = Release|Any CPU
	EndGlobalSection
	GlobalSection(ProjectConfigurationPlatforms) = postSolution
		{E998701A-8255-41FA-8598-00EC38C2F2CB}.Debug|Any CPU.ActiveCfg = Debug|Any CPU
		{E998701A-8255-41FA-8598-00EC38C2F2CB}.Debug|Any CPU.Build.0 = Debug|Any CPU
		{E998701A-8255-41FA-8598-00EC38C2F2CB}.Release|Any CPU.ActiveCfg = Release|Any CPU
		{E998701A-8255-41FA-8598-00EC38C2F2CB}.Release|Any CPU.Build.0 = Release|Any CPU
		{68B68E6A-AC9B-48D7-A5B3-9C395F0BBE6D}.Debug|Any CPU.ActiveCfg = Debug|Any CPU
		{68B68E6A-AC9B-48D7-A5B3-9C395F0BBE6D}.Debug|Any CPU.Build.0 = Debug|Any CPU
		{68B68E6A-AC9B-48D7-A5B3-9C395F0BBE6D}.Release|Any CPU.ActiveCfg = Release|Any CPU
		{68B68E6A-AC9B-48D7-A5B3-9C395F0BBE6D}.Release|Any CPU.Build.0 = Release|Any CPU
		{1825C325-0866-40BF-9C3F-A81027451F06}.Debug|Any CPU.ActiveCfg = Debug|Any CPU
		{1825C325-0866-40BF-9C3F-A81027451F06}.Debug|Any CPU.Build.0 = Debug|Any CPU
		{1825C325-0866-40BF-9C3F-A81027451F06}.Release|Any CPU.ActiveCfg = Release|Any CPU
		{1825C325-0866-40BF-9C3F-A81027451F06}.Release|Any CPU.Build.0 = Release|Any CPU
		{7B8399FD-66C1-4188-906F-CC40BC17FFFF}.Debug|Any CPU.ActiveCfg = Debug|Any CPU
		{7B8399FD-66C1-4188-906F-CC40BC17FFFF}.Debug|Any CPU.Build.0 = Debug|Any CPU
		{7B8399FD-66C1-4188-906F-CC40BC17FFFF}.Release|Any CPU.ActiveCfg = Release|Any CPU
		{7B8399FD-66C1-4188-906F-CC40BC17FFFF}.Release|Any CPU.Build.0 = Release|Any CPU
		{62822A1B-9469-44CF-9452-572B2FC50B9C}.Debug|Any CPU.ActiveCfg = Debug|Any CPU
		{62822A1B-9469-44CF-9452-572B2FC50B9C}.Debug|Any CPU.Build.0 = Debug|Any CPU
		{62822A1B-9469-44CF-9452-572B2FC50B9C}.Release|Any CPU.ActiveCfg = Release|Any CPU
		{62822A1B-9469-44CF-9452-572B2FC50B9C}.Release|Any CPU.Build.0 = Release|Any CPU
		{CC930130-7CD2-4923-8D7D-B2651B683C6C}.Debug|Any CPU.ActiveCfg = Debug|Any CPU
		{CC930130-7CD2-4923-8D7D-B2651B683C6C}.Debug|Any CPU.Build.0 = Debug|Any CPU
		{CC930130-7CD2-4923-8D7D-B2651B683C6C}.Release|Any CPU.ActiveCfg = Release|Any CPU
		{CC930130-7CD2-4923-8D7D-B2651B683C6C}.Release|Any CPU.Build.0 = Release|Any CPU
		{C019C690-8798-4A39-8952-8887C0EB0666}.Debug|Any CPU.ActiveCfg = Debug|Any CPU
		{C019C690-8798-4A39-8952-8887C0EB0666}.Debug|Any CPU.Build.0 = Debug|Any CPU
		{C019C690-8798-4A39-8952-8887C0EB0666}.Release|Any CPU.ActiveCfg = Release|Any CPU
		{C019C690-8798-4A39-8952-8887C0EB0666}.Release|Any CPU.Build.0 = Release|Any CPU
		{249F6485-881D-45FA-A337-7ADBB3427C2E}.Debug|Any CPU.ActiveCfg = Debug|Any CPU
		{249F6485-881D-45FA-A337-7ADBB3427C2E}.Debug|Any CPU.Build.0 = Debug|Any CPU
		{249F6485-881D-45FA-A337-7ADBB3427C2E}.Release|Any CPU.ActiveCfg = Release|Any CPU
		{249F6485-881D-45FA-A337-7ADBB3427C2E}.Release|Any CPU.Build.0 = Release|Any CPU
		{D7307F3B-BF36-49E5-9B58-7ED7F63D6A90}.Debug|Any CPU.ActiveCfg = Debug|Any CPU
		{D7307F3B-BF36-49E5-9B58-7ED7F63D6A90}.Debug|Any CPU.Build.0 = Debug|Any CPU
		{D7307F3B-BF36-49E5-9B58-7ED7F63D6A90}.Release|Any CPU.ActiveCfg = Release|Any CPU
		{D7307F3B-BF36-49E5-9B58-7ED7F63D6A90}.Release|Any CPU.Build.0 = Release|Any CPU
		{9BC12ED1-B1F1-454E-9A59-F2C07846C2C6}.Debug|Any CPU.ActiveCfg = Debug|Any CPU
		{9BC12ED1-B1F1-454E-9A59-F2C07846C2C6}.Debug|Any CPU.Build.0 = Debug|Any CPU
		{9BC12ED1-B1F1-454E-9A59-F2C07846C2C6}.Release|Any CPU.ActiveCfg = Release|Any CPU
		{9BC12ED1-B1F1-454E-9A59-F2C07846C2C6}.Release|Any CPU.Build.0 = Release|Any CPU
		{068A9B69-CB3C-46BA-B04B-D24CCF19608C}.Debug|Any CPU.ActiveCfg = Debug|Any CPU
		{068A9B69-CB3C-46BA-B04B-D24CCF19608C}.Debug|Any CPU.Build.0 = Debug|Any CPU
		{068A9B69-CB3C-46BA-B04B-D24CCF19608C}.Release|Any CPU.ActiveCfg = Release|Any CPU
		{068A9B69-CB3C-46BA-B04B-D24CCF19608C}.Release|Any CPU.Build.0 = Release|Any CPU
		{A9B857D0-3C23-44FF-8232-3AA1EC671BA1}.Debug|Any CPU.ActiveCfg = Debug|Any CPU
		{A9B857D0-3C23-44FF-8232-3AA1EC671BA1}.Debug|Any CPU.Build.0 = Debug|Any CPU
		{A9B857D0-3C23-44FF-8232-3AA1EC671BA1}.Release|Any CPU.ActiveCfg = Release|Any CPU
		{A9B857D0-3C23-44FF-8232-3AA1EC671BA1}.Release|Any CPU.Build.0 = Release|Any CPU
		{AE0757CD-97BD-4465-B055-7B36D3F6A938}.Debug|Any CPU.ActiveCfg = Debug|Any CPU
		{AE0757CD-97BD-4465-B055-7B36D3F6A938}.Debug|Any CPU.Build.0 = Debug|Any CPU
		{AE0757CD-97BD-4465-B055-7B36D3F6A938}.Release|Any CPU.ActiveCfg = Release|Any CPU
		{AE0757CD-97BD-4465-B055-7B36D3F6A938}.Release|Any CPU.Build.0 = Release|Any CPU
		{59DC47B6-D19B-40DD-BEA2-E976B9228CD1}.Debug|Any CPU.ActiveCfg = Debug|Any CPU
		{59DC47B6-D19B-40DD-BEA2-E976B9228CD1}.Debug|Any CPU.Build.0 = Debug|Any CPU
		{59DC47B6-D19B-40DD-BEA2-E976B9228CD1}.Release|Any CPU.ActiveCfg = Release|Any CPU
		{59DC47B6-D19B-40DD-BEA2-E976B9228CD1}.Release|Any CPU.Build.0 = Release|Any CPU
		{FE5F317C-39EF-4C2A-8F54-E312EFE880A6}.Debug|Any CPU.ActiveCfg = Debug|Any CPU
		{FE5F317C-39EF-4C2A-8F54-E312EFE880A6}.Debug|Any CPU.Build.0 = Debug|Any CPU
		{FE5F317C-39EF-4C2A-8F54-E312EFE880A6}.Release|Any CPU.ActiveCfg = Release|Any CPU
		{FE5F317C-39EF-4C2A-8F54-E312EFE880A6}.Release|Any CPU.Build.0 = Release|Any CPU
		{03814F24-1521-4224-9803-41EFD5E3FAA5}.Debug|Any CPU.ActiveCfg = Debug|Any CPU
		{03814F24-1521-4224-9803-41EFD5E3FAA5}.Debug|Any CPU.Build.0 = Debug|Any CPU
		{03814F24-1521-4224-9803-41EFD5E3FAA5}.Release|Any CPU.ActiveCfg = Release|Any CPU
		{03814F24-1521-4224-9803-41EFD5E3FAA5}.Release|Any CPU.Build.0 = Release|Any CPU
		{BD2193D1-D6DB-494B-806F-145FE4B58E79}.Debug|Any CPU.ActiveCfg = Debug|Any CPU
		{BD2193D1-D6DB-494B-806F-145FE4B58E79}.Debug|Any CPU.Build.0 = Debug|Any CPU
		{BD2193D1-D6DB-494B-806F-145FE4B58E79}.Release|Any CPU.ActiveCfg = Release|Any CPU
		{BD2193D1-D6DB-494B-806F-145FE4B58E79}.Release|Any CPU.Build.0 = Release|Any CPU
		{E7D57838-248F-4A92-8B40-A1FE5850DBDA}.Debug|Any CPU.ActiveCfg = Debug|Any CPU
		{E7D57838-248F-4A92-8B40-A1FE5850DBDA}.Debug|Any CPU.Build.0 = Debug|Any CPU
		{E7D57838-248F-4A92-8B40-A1FE5850DBDA}.Release|Any CPU.ActiveCfg = Release|Any CPU
		{E7D57838-248F-4A92-8B40-A1FE5850DBDA}.Release|Any CPU.Build.0 = Release|Any CPU
	EndGlobalSection
	GlobalSection(SolutionProperties) = preSolution
		HideSolutionNode = FALSE
	EndGlobalSection
	GlobalSection(NestedProjects) = preSolution
		{E998701A-8255-41FA-8598-00EC38C2F2CB} = {81ACD726-4D28-49E0-875F-CAC5E8D50A7E}
		{68B68E6A-AC9B-48D7-A5B3-9C395F0BBE6D} = {81ACD726-4D28-49E0-875F-CAC5E8D50A7E}
		{1825C325-0866-40BF-9C3F-A81027451F06} = {81ACD726-4D28-49E0-875F-CAC5E8D50A7E}
		{7B8399FD-66C1-4188-906F-CC40BC17FFFF} = {9C1A2C81-E300-4F1A-AB78-0EB66EBF88D1}
		{62822A1B-9469-44CF-9452-572B2FC50B9C} = {9C1A2C81-E300-4F1A-AB78-0EB66EBF88D1}
		{CC930130-7CD2-4923-8D7D-B2651B683C6C} = {9C1A2C81-E300-4F1A-AB78-0EB66EBF88D1}
		{C019C690-8798-4A39-8952-8887C0EB0666} = {8F8CC87A-2ED8-4C60-974F-B0745F5C7BCE}
		{249F6485-881D-45FA-A337-7ADBB3427C2E} = {8F8CC87A-2ED8-4C60-974F-B0745F5C7BCE}
		{D7307F3B-BF36-49E5-9B58-7ED7F63D6A90} = {8F8CC87A-2ED8-4C60-974F-B0745F5C7BCE}
		{9BC12ED1-B1F1-454E-9A59-F2C07846C2C6} = {E948EC38-7D05-4577-8526-562D7A00517A}
		{068A9B69-CB3C-46BA-B04B-D24CCF19608C} = {E948EC38-7D05-4577-8526-562D7A00517A}
		{A9B857D0-3C23-44FF-8232-3AA1EC671BA1} = {E948EC38-7D05-4577-8526-562D7A00517A}
		{AE0757CD-97BD-4465-B055-7B36D3F6A938} = {DEDAAF66-ED10-41CA-A916-09C961C04829}
		{59DC47B6-D19B-40DD-BEA2-E976B9228CD1} = {DEDAAF66-ED10-41CA-A916-09C961C04829}
		{FE5F317C-39EF-4C2A-8F54-E312EFE880A6} = {DEDAAF66-ED10-41CA-A916-09C961C04829}
		{03814F24-1521-4224-9803-41EFD5E3FAA5} = {67FAD074-667E-43E6-9464-CE2EBED084F8}
		{BD2193D1-D6DB-494B-806F-145FE4B58E79} = {67FAD074-667E-43E6-9464-CE2EBED084F8}
		{E7D57838-248F-4A92-8B40-A1FE5850DBDA} = {67FAD074-667E-43E6-9464-CE2EBED084F8}
	EndGlobalSection
	GlobalSection(ExtensibilityGlobals) = postSolution
		SolutionGuid = {87AA9E37-A49E-4C61-85B0-BB6A46D73F9D}
	EndGlobalSection
EndGlobal
